// !$*UTF8*$!
{
	archiveVersion = 1;
	classes = {
	};
	objectVersion = 50;
	objects = {

/* Begin PBXBuildFile section */
		252273902306FD6300D66142 /* AppDelegate.swift in Sources */ = {isa = PBXBuildFile; fileRef = 2522738F2306FD6300D66142 /* AppDelegate.swift */; };
		252273952306FD6300D66142 /* Main.storyboard in Resources */ = {isa = PBXBuildFile; fileRef = 252273932306FD6300D66142 /* Main.storyboard */; };
		252273972306FD6600D66142 /* Assets.xcassets in Resources */ = {isa = PBXBuildFile; fileRef = 252273962306FD6600D66142 /* Assets.xcassets */; };
		2522739A2306FD6600D66142 /* LaunchScreen.storyboard in Resources */ = {isa = PBXBuildFile; fileRef = 252273982306FD6600D66142 /* LaunchScreen.storyboard */; };
		252273A6230702C700D66142 /* Client.swift in Sources */ = {isa = PBXBuildFile; fileRef = 252273A5230702C700D66142 /* Client.swift */; };
		252273A8230704FD00D66142 /* Movie.swift in Sources */ = {isa = PBXBuildFile; fileRef = 252273A7230704FD00D66142 /* Movie.swift */; };
		252273AA230705CC00D66142 /* MovieController.swift in Sources */ = {isa = PBXBuildFile; fileRef = 252273A9230705CC00D66142 /* MovieController.swift */; };
		252273AC2307176500D66142 /* MovieTableViewController.swift in Sources */ = {isa = PBXBuildFile; fileRef = 252273AB2307176500D66142 /* MovieTableViewController.swift */; };
		252273AE23071C9B00D66142 /* MovieTableViewCell.swift in Sources */ = {isa = PBXBuildFile; fileRef = 252273AD23071C9B00D66142 /* MovieTableViewCell.swift */; };
/* End PBXBuildFile section */

/* Begin PBXFileReference section */
		2522738C2306FD6300D66142 /* aug16thAssesment.app */ = {isa = PBXFileReference; explicitFileType = wrapper.application; includeInIndex = 0; path = aug16thAssesment.app; sourceTree = BUILT_PRODUCTS_DIR; };
		2522738F2306FD6300D66142 /* AppDelegate.swift */ = {isa = PBXFileReference; lastKnownFileType = sourcecode.swift; path = AppDelegate.swift; sourceTree = "<group>"; };
		252273942306FD6300D66142 /* Base */ = {isa = PBXFileReference; lastKnownFileType = file.storyboard; name = Base; path = Base.lproj/Main.storyboard; sourceTree = "<group>"; };
		252273962306FD6600D66142 /* Assets.xcassets */ = {isa = PBXFileReference; lastKnownFileType = folder.assetcatalog; path = Assets.xcassets; sourceTree = "<group>"; };
		252273992306FD6600D66142 /* Base */ = {isa = PBXFileReference; lastKnownFileType = file.storyboard; name = Base; path = Base.lproj/LaunchScreen.storyboard; sourceTree = "<group>"; };
		2522739B2306FD6600D66142 /* Info.plist */ = {isa = PBXFileReference; lastKnownFileType = text.plist.xml; path = Info.plist; sourceTree = "<group>"; };
		252273A5230702C700D66142 /* Client.swift */ = {isa = PBXFileReference; lastKnownFileType = sourcecode.swift; path = Client.swift; sourceTree = "<group>"; };
		252273A7230704FD00D66142 /* Movie.swift */ = {isa = PBXFileReference; lastKnownFileType = sourcecode.swift; path = Movie.swift; sourceTree = "<group>"; };
		252273A9230705CC00D66142 /* MovieController.swift */ = {isa = PBXFileReference; lastKnownFileType = sourcecode.swift; path = MovieController.swift; sourceTree = "<group>"; };
		252273AB2307176500D66142 /* MovieTableViewController.swift */ = {isa = PBXFileReference; lastKnownFileType = sourcecode.swift; path = MovieTableViewController.swift; sourceTree = "<group>"; };
		252273AD23071C9B00D66142 /* MovieTableViewCell.swift */ = {isa = PBXFileReference; lastKnownFileType = sourcecode.swift; path = MovieTableViewCell.swift; sourceTree = "<group>"; };
/* End PBXFileReference section */

/* Begin PBXFrameworksBuildPhase section */
		252273892306FD6300D66142 /* Frameworks */ = {
			isa = PBXFrameworksBuildPhase;
			buildActionMask = 2147483647;
			files = (
			);
			runOnlyForDeploymentPostprocessing = 0;
		};
/* End PBXFrameworksBuildPhase section */

/* Begin PBXGroup section */
		252273832306FD6300D66142 = {
			isa = PBXGroup;
			children = (
				2522738E2306FD6300D66142 /* aug16thAssesment */,
				2522738D2306FD6300D66142 /* Products */,
			);
			sourceTree = "<group>";
		};
		2522738D2306FD6300D66142 /* Products */ = {
			isa = PBXGroup;
			children = (
				2522738C2306FD6300D66142 /* aug16thAssesment.app */,
			);
			name = Products;
			sourceTree = "<group>";
		};
		2522738E2306FD6300D66142 /* aug16thAssesment */ = {
			isa = PBXGroup;
			children = (
				252273932306FD6300D66142 /* Main.storyboard */,
				252273A22306FDA900D66142 /* Models */,
				252273A42306FDBD00D66142 /* Controllers */,
				252273A32306FDB600D66142 /* Views */,
				252273A12306FD9C00D66142 /* resources */,
			);
			path = aug16thAssesment;
			sourceTree = "<group>";
		};
		252273A12306FD9C00D66142 /* resources */ = {
			isa = PBXGroup;
			children = (
				2522738F2306FD6300D66142 /* AppDelegate.swift */,
				252273962306FD6600D66142 /* Assets.xcassets */,
				252273982306FD6600D66142 /* LaunchScreen.storyboard */,
				2522739B2306FD6600D66142 /* Info.plist */,
			);
			path = resources;
			sourceTree = "<group>";
		};
		252273A22306FDA900D66142 /* Models */ = {
			isa = PBXGroup;
			children = (
				252273A5230702C700D66142 /* Client.swift */,
				252273A7230704FD00D66142 /* Movie.swift */,
			);
			path = Models;
			sourceTree = "<group>";
		};
		252273A32306FDB600D66142 /* Views */ = {
			isa = PBXGroup;
			children = (
				252273AB2307176500D66142 /* MovieTableViewController.swift */,
				252273AD23071C9B00D66142 /* MovieTableViewCell.swift */,
			);
			path = Views;
			sourceTree = "<group>";
		};
		252273A42306FDBD00D66142 /* Controllers */ = {
			isa = PBXGroup;
			children = (
				252273A9230705CC00D66142 /* MovieController.swift */,
			);
			path = Controllers;
			sourceTree = "<group>";
		};
/* End PBXGroup section */

/* Begin PBXNativeTarget section */
		2522738B2306FD6300D66142 /* aug16thAssesment */ = {
			isa = PBXNativeTarget;
			buildConfigurationList = 2522739E2306FD6600D66142 /* Build configuration list for PBXNativeTarget "aug16thAssesment" */;
			buildPhases = (
				252273882306FD6300D66142 /* Sources */,
				252273892306FD6300D66142 /* Frameworks */,
				2522738A2306FD6300D66142 /* Resources */,
			);
			buildRules = (
			);
			dependencies = (
			);
			name = aug16thAssesment;
			productName = aug16thAssesment;
			productReference = 2522738C2306FD6300D66142 /* aug16thAssesment.app */;
			productType = "com.apple.product-type.application";
		};
/* End PBXNativeTarget section */

/* Begin PBXProject section */
		252273842306FD6300D66142 /* Project object */ = {
			isa = PBXProject;
			attributes = {
				LastSwiftUpdateCheck = 1030;
				LastUpgradeCheck = 1030;
				ORGANIZATIONNAME = "Ian Hall";
				TargetAttributes = {
					2522738B2306FD6300D66142 = {
						CreatedOnToolsVersion = 10.3;
					};
				};
			};
			buildConfigurationList = 252273872306FD6300D66142 /* Build configuration list for PBXProject "aug16thAssesment" */;
			compatibilityVersion = "Xcode 9.3";
			developmentRegion = en;
			hasScannedForEncodings = 0;
			knownRegions = (
				en,
				Base,
			);
			mainGroup = 252273832306FD6300D66142;
			productRefGroup = 2522738D2306FD6300D66142 /* Products */;
			projectDirPath = "";
			projectRoot = "";
			targets = (
				2522738B2306FD6300D66142 /* aug16thAssesment */,
			);
		};
/* End PBXProject section */

/* Begin PBXResourcesBuildPhase section */
		2522738A2306FD6300D66142 /* Resources */ = {
			isa = PBXResourcesBuildPhase;
			buildActionMask = 2147483647;
			files = (
				2522739A2306FD6600D66142 /* LaunchScreen.storyboard in Resources */,
				252273972306FD6600D66142 /* Assets.xcassets in Resources */,
				252273952306FD6300D66142 /* Main.storyboard in Resources */,
			);
			runOnlyForDeploymentPostprocessing = 0;
		};
/* End PBXResourcesBuildPhase section */

/* Begin PBXSourcesBuildPhase section */
		252273882306FD6300D66142 /* Sources */ = {
			isa = PBXSourcesBuildPhase;
			buildActionMask = 2147483647;
			files = (
				252273AC2307176500D66142 /* MovieTableViewController.swift in Sources */,
				252273AA230705CC00D66142 /* MovieController.swift in Sources */,
				252273AE23071C9B00D66142 /* MovieTableViewCell.swift in Sources */,
				252273A6230702C700D66142 /* Client.swift in Sources */,
				252273902306FD6300D66142 /* AppDelegate.swift in Sources */,
				252273A8230704FD00D66142 /* Movie.swift in Sources */,
			);
			runOnlyForDeploymentPostprocessing = 0;
		};
/* End PBXSourcesBuildPhase section */

/* Begin PBXVariantGroup section */
		252273932306FD6300D66142 /* Main.storyboard */ = {
			isa = PBXVariantGroup;
			children = (
				252273942306FD6300D66142 /* Base */,
			);
			name = Main.storyboard;
			sourceTree = "<group>";
		};
		252273982306FD6600D66142 /* LaunchScreen.storyboard */ = {
			isa = PBXVariantGroup;
			children = (
				252273992306FD6600D66142 /* Base */,
			);
			name = LaunchScreen.storyboard;
			sourceTree = "<group>";
		};
/* End PBXVariantGroup section */

/* Begin XCBuildConfiguration section */
		2522739C2306FD6600D66142 /* Debug */ = {
			isa = XCBuildConfiguration;
			buildSettings = {
				ALWAYS_SEARCH_USER_PATHS = NO;
				CLANG_ANALYZER_NONNULL = YES;
				CLANG_ANALYZER_NUMBER_OBJECT_CONVERSION = YES_AGGRESSIVE;
				CLANG_CXX_LANGUAGE_STANDARD = "gnu++14";
				CLANG_CXX_LIBRARY = "libc++";
				CLANG_ENABLE_MODULES = YES;
				CLANG_ENABLE_OBJC_ARC = YES;
				CLANG_ENABLE_OBJC_WEAK = YES;
				CLANG_WARN_BLOCK_CAPTURE_AUTORELEASING = YES;
				CLANG_WARN_BOOL_CONVERSION = YES;
				CLANG_WARN_COMMA = YES;
				CLANG_WARN_CONSTANT_CONVERSION = YES;
				CLANG_WARN_DEPRECATED_OBJC_IMPLEMENTATIONS = YES;
				CLANG_WARN_DIRECT_OBJC_ISA_USAGE = YES_ERROR;
				CLANG_WARN_DOCUMENTATION_COMMENTS = YES;
				CLANG_WARN_EMPTY_BODY = YES;
				CLANG_WARN_ENUM_CONVERSION = YES;
				CLANG_WARN_INFINITE_RECURSION = YES;
				CLANG_WARN_INT_CONVERSION = YES;
				CLANG_WARN_NON_LITERAL_NULL_CONVERSION = YES;
				CLANG_WARN_OBJC_IMPLICIT_RETAIN_SELF = YES;
				CLANG_WARN_OBJC_LITERAL_CONVERSION = YES;
				CLANG_WARN_OBJC_ROOT_CLASS = YES_ERROR;
				CLANG_WARN_RANGE_LOOP_ANALYSIS = YES;
				CLANG_WARN_STRICT_PROTOTYPES = YES;
				CLANG_WARN_SUSPICIOUS_MOVE = YES;
				CLANG_WARN_UNGUARDED_AVAILABILITY = YES_AGGRESSIVE;
				CLANG_WARN_UNREACHABLE_CODE = YES;
				CLANG_WARN__DUPLICATE_METHOD_MATCH = YES;
				CODE_SIGN_IDENTITY = "iPhone Developer";
				COPY_PHASE_STRIP = NO;
				DEBUG_INFORMATION_FORMAT = dwarf;
				ENABLE_STRICT_OBJC_MSGSEND = YES;
				ENABLE_TESTABILITY = YES;
				GCC_C_LANGUAGE_STANDARD = gnu11;
				GCC_DYNAMIC_NO_PIC = NO;
				GCC_NO_COMMON_BLOCKS = YES;
				GCC_OPTIMIZATION_LEVEL = 0;
				GCC_PREPROCESSOR_DEFINITIONS = (
					"DEBUG=1",
					"$(inherited)",
				);
				GCC_WARN_64_TO_32_BIT_CONVERSION = YES;
				GCC_WARN_ABOUT_RETURN_TYPE = YES_ERROR;
				GCC_WARN_UNDECLARED_SELECTOR = YES;
				GCC_WARN_UNINITIALIZED_AUTOS = YES_AGGRESSIVE;
				GCC_WARN_UNUSED_FUNCTION = YES;
				GCC_WARN_UNUSED_VARIABLE = YES;
				IPHONEOS_DEPLOYMENT_TARGET = 12.4;
				MTL_ENABLE_DEBUG_INFO = INCLUDE_SOURCE;
				MTL_FAST_MATH = YES;
				ONLY_ACTIVE_ARCH = YES;
				SDKROOT = iphoneos;
				SWIFT_ACTIVE_COMPILATION_CONDITIONS = DEBUG;
				SWIFT_OPTIMIZATION_LEVEL = "-Onone";
			};
			name = Debug;
		};
		2522739D2306FD6600D66142 /* Release */ = {
			isa = XCBuildConfiguration;
			buildSettings = {
				ALWAYS_SEARCH_USER_PATHS = NO;
				CLANG_ANALYZER_NONNULL = YES;
				CLANG_ANALYZER_NUMBER_OBJECT_CONVERSION = YES_AGGRESSIVE;
				CLANG_CXX_LANGUAGE_STANDARD = "gnu++14";
				CLANG_CXX_LIBRARY = "libc++";
				CLANG_ENABLE_MODULES = YES;
				CLANG_ENABLE_OBJC_ARC = YES;
				CLANG_ENABLE_OBJC_WEAK = YES;
				CLANG_WARN_BLOCK_CAPTURE_AUTORELEASING = YES;
				CLANG_WARN_BOOL_CONVERSION = YES;
				CLANG_WARN_COMMA = YES;
				CLANG_WARN_CONSTANT_CONVERSION = YES;
				CLANG_WARN_DEPRECATED_OBJC_IMPLEMENTATIONS = YES;
				CLANG_WARN_DIRECT_OBJC_ISA_USAGE = YES_ERROR;
				CLANG_WARN_DOCUMENTATION_COMMENTS = YES;
				CLANG_WARN_EMPTY_BODY = YES;
				CLANG_WARN_ENUM_CONVERSION = YES;
				CLANG_WARN_INFINITE_RECURSION = YES;
				CLANG_WARN_INT_CONVERSION = YES;
				CLANG_WARN_NON_LITERAL_NULL_CONVERSION = YES;
				CLANG_WARN_OBJC_IMPLICIT_RETAIN_SELF = YES;
				CLANG_WARN_OBJC_LITERAL_CONVERSION = YES;
				CLANG_WARN_OBJC_ROOT_CLASS = YES_ERROR;
				CLANG_WARN_RANGE_LOOP_ANALYSIS = YES;
				CLANG_WARN_STRICT_PROTOTYPES = YES;
				CLANG_WARN_SUSPICIOUS_MOVE = YES;
				CLANG_WARN_UNGUARDED_AVAILABILITY = YES_AGGRESSIVE;
				CLANG_WARN_UNREACHABLE_CODE = YES;
				CLANG_WARN__DUPLICATE_METHOD_MATCH = YES;
				CODE_SIGN_IDENTITY = "iPhone Developer";
				COPY_PHASE_STRIP = NO;
				DEBUG_INFORMATION_FORMAT = "dwarf-with-dsym";
				ENABLE_NS_ASSERTIONS = NO;
				ENABLE_STRICT_OBJC_MSGSEND = YES;
				GCC_C_LANGUAGE_STANDARD = gnu11;
				GCC_NO_COMMON_BLOCKS = YES;
				GCC_WARN_64_TO_32_BIT_CONVERSION = YES;
				GCC_WARN_ABOUT_RETURN_TYPE = YES_ERROR;
				GCC_WARN_UNDECLARED_SELECTOR = YES;
				GCC_WARN_UNINITIALIZED_AUTOS = YES_AGGRESSIVE;
				GCC_WARN_UNUSED_FUNCTION = YES;
				GCC_WARN_UNUSED_VARIABLE = YES;
				IPHONEOS_DEPLOYMENT_TARGET = 12.4;
				MTL_ENABLE_DEBUG_INFO = NO;
				MTL_FAST_MATH = YES;
				SDKROOT = iphoneos;
				SWIFT_COMPILATION_MODE = wholemodule;
				SWIFT_OPTIMIZATION_LEVEL = "-O";
				VALIDATE_PRODUCT = YES;
			};
			name = Release;
		};
		2522739F2306FD6600D66142 /* Debug */ = {
			isa = XCBuildConfiguration;
			buildSettings = {
				ASSETCATALOG_COMPILER_APPICON_NAME = AppIcon;
				CODE_SIGN_STYLE = Automatic;
				DEVELOPMENT_TEAM = 38AN8KZ7HW;
				INFOPLIST_FILE = "$(SRCROOT)/aug16thAssesment/resources/Info.plist";
				LD_RUNPATH_SEARCH_PATHS = (
					"$(inherited)",
					"@executable_path/Frameworks",
				);
				PRODUCT_BUNDLE_IDENTIFIER = com.IanH411.aug16thAssesment;
				PRODUCT_NAME = "$(TARGET_NAME)";
				SWIFT_VERSION = 5.0;
				TARGETED_DEVICE_FAMILY = "1,2";
			};
			name = Debug;
		};
		252273A02306FD6600D66142 /* Release */ = {
			isa = XCBuildConfiguration;
			buildSettings = {
				ASSETCATALOG_COMPILER_APPICON_NAME = AppIcon;
				CODE_SIGN_STYLE = Automatic;
				DEVELOPMENT_TEAM = 38AN8KZ7HW;
				INFOPLIST_FILE = "$(SRCROOT)/aug16thAssesment/resources/Info.plist";
				LD_RUNPATH_SEARCH_PATHS = (
					"$(inherited)",
					"@executable_path/Frameworks",
				);
				PRODUCT_BUNDLE_IDENTIFIER = com.IanH411.aug16thAssesment;
				PRODUCT_NAME = "$(TARGET_NAME)";
				SWIFT_VERSION = 5.0;
				TARGETED_DEVICE_FAMILY = "1,2";
			};
			name = Release;
		};
/* End XCBuildConfiguration section */

/* Begin XCConfigurationList section */
		252273872306FD6300D66142 /* Build configuration list for PBXProject "aug16thAssesment" */ = {
			isa = XCConfigurationList;
			buildConfigurations = (
				2522739C2306FD6600D66142 /* Debug */,
				2522739D2306FD6600D66142 /* Release */,
			);
			defaultConfigurationIsVisible = 0;
			defaultConfigurationName = Release;
		};
		2522739E2306FD6600D66142 /* Build configuration list for PBXNativeTarget "aug16thAssesment" */ = {
			isa = XCConfigurationList;
			buildConfigurations = (
				2522739F2306FD6600D66142 /* Debug */,
				252273A02306FD6600D66142 /* Release */,
			);
			defaultConfigurationIsVisible = 0;
			defaultConfigurationName = Release;
		};
/* End XCConfigurationList section */
	};
	rootObject = 252273842306FD6300D66142 /* Project object */;
}
